
Microsoft Visual Studio Solution File, Format Version 12.00
# Visual Studio Version 16
VisualStudioVersion = 16.0.34031.81
MinimumVisualStudioVersion = 10.0.40219.1
Project("{2150E333-8FDC-42A3-9474-1A3956D46DE8}") = "TaskReview", "TaskReview", "{E1AD4FCD-19C6-4C42-8AA6-551E7B692A95}"
EndProject
Project("{FAE04EC0-301F-11D3-BF4B-00C04F79EFBC}") = "Tyuiu.ChepurnykhSR.Sprint1.TaskReview.V26", "Tyuiu.ChepurnykhSR.Sprint1.TaskReview.V26\Tyuiu.ChepurnykhSR.Sprint1.TaskReview.V26.csproj", "{FE41B0CE-1C7C-466A-81D5-82C1357DBFA3}"
EndProject
Project("{FAE04EC0-301F-11D3-BF4B-00C04F79EFBC}") = "Tyuiu.ChepurnykhSR.Sprint1.TaskReview.V26.Lib", "Tyuiu.ChepurnykhSR.Sprint1.TaskReview.V26.Lib\Tyuiu.ChepurnykhSR.Sprint1.TaskReview.V26.Lib.csproj", "{E9531394-A010-4411-AB4B-50DC68BA64D0}"
EndProject
Project("{FAE04EC0-301F-11D3-BF4B-00C04F79EFBC}") = "Tyuiu.ChepurnykhSR.Sprint1.TaskReview.V26.Test", "Tyuiu.ChepurnykhSR.Sprint1.TaskReview.V26.Test\Tyuiu.ChepurnykhSR.Sprint1.TaskReview.V26.Test.csproj", "{DEB31121-D34F-4A44-AE71-DC055760AA44}"
EndProject
Global
	GlobalSection(SolutionConfigurationPlatforms) = preSolution
		Debug|Any CPU = Debug|Any CPU
		Release|Any CPU = Release|Any CPU
	EndGlobalSection
	GlobalSection(ProjectConfigurationPlatforms) = postSolution
		{FE41B0CE-1C7C-466A-81D5-82C1357DBFA3}.Debug|Any CPU.ActiveCfg = Debug|Any CPU
		{FE41B0CE-1C7C-466A-81D5-82C1357DBFA3}.Debug|Any CPU.Build.0 = Debug|Any CPU
		{FE41B0CE-1C7C-466A-81D5-82C1357DBFA3}.Release|Any CPU.ActiveCfg = Release|Any CPU
		{FE41B0CE-1C7C-466A-81D5-82C1357DBFA3}.Release|Any CPU.Build.0 = Release|Any CPU
		{E9531394-A010-4411-AB4B-50DC68BA64D0}.Debug|Any CPU.ActiveCfg = Debug|Any CPU
		{E9531394-A010-4411-AB4B-50DC68BA64D0}.Debug|Any CPU.Build.0 = Debug|Any CPU
		{E9531394-A010-4411-AB4B-50DC68BA64D0}.Release|Any CPU.ActiveCfg = Release|Any CPU
		{E9531394-A010-4411-AB4B-50DC68BA64D0}.Release|Any CPU.Build.0 = Release|Any CPU
		{DEB31121-D34F-4A44-AE71-DC055760AA44}.Debug|Any CPU.ActiveCfg = Debug|Any CPU
		{DEB31121-D34F-4A44-AE71-DC055760AA44}.Debug|Any CPU.Build.0 = Debug|Any CPU
		{DEB31121-D34F-4A44-AE71-DC055760AA44}.Release|Any CPU.ActiveCfg = Release|Any CPU
		{DEB31121-D34F-4A44-AE71-DC055760AA44}.Release|Any CPU.Build.0 = Release|Any CPU
	EndGlobalSection
	GlobalSection(SolutionProperties) = preSolution
		HideSolutionNode = FALSE
	EndGlobalSection
	GlobalSection(NestedProjects) = preSolution
		{FE41B0CE-1C7C-466A-81D5-82C1357DBFA3} = {E1AD4FCD-19C6-4C42-8AA6-551E7B692A95}
		{E9531394-A010-4411-AB4B-50DC68BA64D0} = {E1AD4FCD-19C6-4C42-8AA6-551E7B692A95}
		{DEB31121-D34F-4A44-AE71-DC055760AA44} = {E1AD4FCD-19C6-4C42-8AA6-551E7B692A95}
	EndGlobalSection
	GlobalSection(ExtensibilityGlobals) = postSolution
		SolutionGuid = {3863BAAA-7CD3-4F04-8854-9A66FE802B4C}
	EndGlobalSection
EndGlobal
